
Microsoft Visual Studio Solution File, Format Version 12.00
# Visual Studio Version 17
VisualStudioVersion = 17.3.32505.426
MinimumVisualStudioVersion = 10.0.40219.1
Project("{FAE04EC0-301F-11D3-BF4B-00C04F79EFBC}") = "TrackMerger", "TrackMerger.csproj", "{6BB6397D-940F-46FD-9CA0-11E461C5E869}"
EndProject
Global
	GlobalSection(SolutionConfigurationPlatforms) = preSolution
		Debug|Any CPU = Debug|Any CPU
		Release|Any CPU = Release|Any CPU
	EndGlobalSection
	GlobalSection(ProjectConfigurationPlatforms) = postSolution
		{6BB6397D-940F-46FD-9CA0-11E461C5E869}.Debug|Any CPU.ActiveCfg = Debug|Any CPU
		{6BB6397D-940F-46FD-9CA0-11E461C5E869}.Debug|Any CPU.Build.0 = Debug|Any CPU
		{6BB6397D-940F-46FD-9CA0-11E461C5E869}.Release|Any CPU.ActiveCfg = Release|Any CPU
		{6BB6397D-940F-46FD-9CA0-11E461C5E869}.Release|Any CPU.Build.0 = Release|Any CPU
	EndGlobalSection
	GlobalSection(SolutionProperties) = preSolution
		HideSolutionNode = FALSE
	EndGlobalSection
	GlobalSection(ExtensibilityGlobals) = postSolution
		SolutionGuid = {671F421D-7BDC-4FED-98EE-EE2CCE9BF0EF}
	EndGlobalSection
EndGlobal
